# @generated by Move, please check-in and do not edit manually.

[move]
version = 2
manifest_digest = "D7F8756710C21499BBE915BB8735799C586CBF3886AEE9A932AC70719B90EC96"
deps_digest = "F8BBB0CCB2491CA29A3DF03D6F92277A4F3574266507ACD77214D37ECA3F3082"
dependencies = [
  { name = "Sui" },
]

[[move.package]]
name = "MoveStdlib"
source = { git = "https://github.com/MystenLabs/sui.git", rev = "framework/testnet", subdir = "crates\\sui-framework\\packages\\move-stdlib" }

[[move.package]]
name = "Sui"
source = { git = "https://github.com/MystenLabs/sui.git", rev = "framework/testnet", subdir = "crates/sui-framework/packages/sui-framework" }

dependencies = [
  { name = "MoveStdlib" },
]

[move.toolchain-version]
compiler-version = "1.26.0"
edition = "legacy"
flavor = "sui"

[env]

[env.devnet]
chain-id = "bd665407"
original-published-id = "0xc746e92ad9d529248a3c8a4f8707a8a82c9c17d374ea11e887549c5c1b711545"
latest-published-id = "0xc746e92ad9d529248a3c8a4f8707a8a82c9c17d374ea11e887549c5c1b711545"
published-version = "1"
